// !$*UTF8*$!
{
	archiveVersion = 1;
	classes = {
	};
	objectVersion = 50;
	objects = {

/* Begin PBXBuildFile section */
		6724759A217A19900074CDF7 /* CountryViewController.swift in Sources */ = {isa = PBXBuildFile; fileRef = 67247599217A19900074CDF7 /* CountryViewController.swift */; };
		6724759D217A23C20074CDF7 /* CountryTableViewCell.swift in Sources */ = {isa = PBXBuildFile; fileRef = 6724759B217A23C20074CDF7 /* CountryTableViewCell.swift */; };
		6724759E217A23C20074CDF7 /* CountryTableViewCell.xib in Resources */ = {isa = PBXBuildFile; fileRef = 6724759C217A23C20074CDF7 /* CountryTableViewCell.xib */; };
		674853812178BAA900838000 /* AppDelegate.swift in Sources */ = {isa = PBXBuildFile; fileRef = 674853802178BAA900838000 /* AppDelegate.swift */; };
		674853832178BAA900838000 /* LoginController.swift in Sources */ = {isa = PBXBuildFile; fileRef = 674853822178BAA900838000 /* LoginController.swift */; };
		674853862178BAA900838000 /* Main.storyboard in Resources */ = {isa = PBXBuildFile; fileRef = 674853842178BAA900838000 /* Main.storyboard */; };
		674853882178BAAA00838000 /* Assets.xcassets in Resources */ = {isa = PBXBuildFile; fileRef = 674853872178BAAA00838000 /* Assets.xcassets */; };
		6748538B2178BAAA00838000 /* LaunchScreen.storyboard in Resources */ = {isa = PBXBuildFile; fileRef = 674853892178BAAA00838000 /* LaunchScreen.storyboard */; };
		674853962178BAAA00838000 /* Lesson_5___Version_2Tests.swift in Sources */ = {isa = PBXBuildFile; fileRef = 674853952178BAAA00838000 /* Lesson_5___Version_2Tests.swift */; };
		674853A12178BAAA00838000 /* Lesson_5___Version_2UITests.swift in Sources */ = {isa = PBXBuildFile; fileRef = 674853A02178BAAA00838000 /* Lesson_5___Version_2UITests.swift */; };
		675BF89C217E1E17004243A7 /* CategoriesViewController.swift in Sources */ = {isa = PBXBuildFile; fileRef = 675BF89A217E1E17004243A7 /* CategoriesViewController.swift */; };
		675BF89D217E1E17004243A7 /* CategoriesViewController.xib in Resources */ = {isa = PBXBuildFile; fileRef = 675BF89B217E1E17004243A7 /* CategoriesViewController.xib */; };
		675BF8A0217E30BE004243A7 /* CategoryCollectionViewCell.swift in Sources */ = {isa = PBXBuildFile; fileRef = 675BF89E217E30BE004243A7 /* CategoryCollectionViewCell.swift */; };
		675BF8A1217E30BE004243A7 /* CategoryCollectionViewCell.xib in Resources */ = {isa = PBXBuildFile; fileRef = 675BF89F217E30BE004243A7 /* CategoryCollectionViewCell.xib */; };
		675BF8A4217E3282004243A7 /* CategoryHeaderCollectionViewCell.swift in Sources */ = {isa = PBXBuildFile; fileRef = 675BF8A2217E3282004243A7 /* CategoryHeaderCollectionViewCell.swift */; };
		675BF8A5217E3282004243A7 /* CategoryHeaderCollectionViewCell.xib in Resources */ = {isa = PBXBuildFile; fileRef = 675BF8A3217E3282004243A7 /* CategoryHeaderCollectionViewCell.xib */; };
		677F77F32178F379001FA575 /* SignUpViewController.swift in Sources */ = {isa = PBXBuildFile; fileRef = 677F77F22178F379001FA575 /* SignUpViewController.swift */; };
		67D6B4C2217CC8E10043FFAA /* Country.swift in Sources */ = {isa = PBXBuildFile; fileRef = 67D6B4C1217CC8E10043FFAA /* Country.swift */; };
		9B013C20AD32EB94F40994DF /* Pods_Lesson_5___Version_2Tests.framework in Frameworks */ = {isa = PBXBuildFile; fileRef = 94C1CB08AB37C4027F49F6B9 /* Pods_Lesson_5___Version_2Tests.framework */; };
		C66B0A361C647E9903E65D6F /* Pods_Lesson_5___Version_2UITests.framework in Frameworks */ = {isa = PBXBuildFile; fileRef = 268C74540A8E7825A9B24D74 /* Pods_Lesson_5___Version_2UITests.framework */; };
		C8537989EF19B2C5CA3CBF20 /* Pods_Lesson_5___Version_2.framework in Frameworks */ = {isa = PBXBuildFile; fileRef = F70C5B9B03528E5BC7FFDAD9 /* Pods_Lesson_5___Version_2.framework */; };
/* End PBXBuildFile section */

/* Begin PBXContainerItemProxy section */
		674853922178BAAA00838000 /* PBXContainerItemProxy */ = {
			isa = PBXContainerItemProxy;
			containerPortal = 674853752178BAA900838000 /* Project object */;
			proxyType = 1;
			remoteGlobalIDString = 6748537C2178BAA900838000;
			remoteInfo = "Lesson 5 - Version 2";
		};
		6748539D2178BAAA00838000 /* PBXContainerItemProxy */ = {
			isa = PBXContainerItemProxy;
			containerPortal = 674853752178BAA900838000 /* Project object */;
			proxyType = 1;
			remoteGlobalIDString = 6748537C2178BAA900838000;
			remoteInfo = "Lesson 5 - Version 2";
		};
/* End PBXContainerItemProxy section */

/* Begin PBXFileReference section */
		18BA6B676DB7D29A824C3AA6 /* Pods-Lesson 5 - Version 2.release.xcconfig */ = {isa = PBXFileReference; includeInIndex = 1; lastKnownFileType = text.xcconfig; name = "Pods-Lesson 5 - Version 2.release.xcconfig"; path = "Pods/Target Support Files/Pods-Lesson 5 - Version 2/Pods-Lesson 5 - Version 2.release.xcconfig"; sourceTree = "<group>"; };
		268C74540A8E7825A9B24D74 /* Pods_Lesson_5___Version_2UITests.framework */ = {isa = PBXFileReference; explicitFileType = wrapper.framework; includeInIndex = 0; path = "Pods_Lesson_5___Version_2UITests.framework"; sourceTree = BUILT_PRODUCTS_DIR; };
		58E34AF9A62BD42AFC55347A /* Pods-Lesson 5 - Version 2Tests.release.xcconfig */ = {isa = PBXFileReference; includeInIndex = 1; lastKnownFileType = text.xcconfig; name = "Pods-Lesson 5 - Version 2Tests.release.xcconfig"; path = "Pods/Target Support Files/Pods-Lesson 5 - Version 2Tests/Pods-Lesson 5 - Version 2Tests.release.xcconfig"; sourceTree = "<group>"; };
		67247599217A19900074CDF7 /* CountryViewController.swift */ = {isa = PBXFileReference; lastKnownFileType = sourcecode.swift; path = CountryViewController.swift; sourceTree = "<group>"; };
		6724759B217A23C20074CDF7 /* CountryTableViewCell.swift */ = {isa = PBXFileReference; lastKnownFileType = sourcecode.swift; path = CountryTableViewCell.swift; sourceTree = "<group>"; };
		6724759C217A23C20074CDF7 /* CountryTableViewCell.xib */ = {isa = PBXFileReference; lastKnownFileType = file.xib; path = CountryTableViewCell.xib; sourceTree = "<group>"; };
		6748537D2178BAA900838000 /* Lesson 5 - Version 2.app */ = {isa = PBXFileReference; explicitFileType = wrapper.application; includeInIndex = 0; path = "Lesson 5 - Version 2.app"; sourceTree = BUILT_PRODUCTS_DIR; };
		674853802178BAA900838000 /* AppDelegate.swift */ = {isa = PBXFileReference; lastKnownFileType = sourcecode.swift; path = AppDelegate.swift; sourceTree = "<group>"; };
		674853822178BAA900838000 /* LoginController.swift */ = {isa = PBXFileReference; lastKnownFileType = sourcecode.swift; path = LoginController.swift; sourceTree = "<group>"; };
		674853852178BAA900838000 /* Base */ = {isa = PBXFileReference; lastKnownFileType = file.storyboard; name = Base; path = Base.lproj/Main.storyboard; sourceTree = "<group>"; };
		674853872178BAAA00838000 /* Assets.xcassets */ = {isa = PBXFileReference; lastKnownFileType = folder.assetcatalog; path = Assets.xcassets; sourceTree = "<group>"; };
		6748538A2178BAAA00838000 /* Base */ = {isa = PBXFileReference; lastKnownFileType = file.storyboard; name = Base; path = Base.lproj/LaunchScreen.storyboard; sourceTree = "<group>"; };
		6748538C2178BAAA00838000 /* Info.plist */ = {isa = PBXFileReference; lastKnownFileType = text.plist.xml; path = Info.plist; sourceTree = "<group>"; };
		674853912178BAAA00838000 /* Lesson 5 - Version 2Tests.xctest */ = {isa = PBXFileReference; explicitFileType = wrapper.cfbundle; includeInIndex = 0; path = "Lesson 5 - Version 2Tests.xctest"; sourceTree = BUILT_PRODUCTS_DIR; };
		674853952178BAAA00838000 /* Lesson_5___Version_2Tests.swift */ = {isa = PBXFileReference; lastKnownFileType = sourcecode.swift; path = "Lesson_5___Version_2Tests.swift"; sourceTree = "<group>"; };
		674853972178BAAA00838000 /* Info.plist */ = {isa = PBXFileReference; lastKnownFileType = text.plist.xml; path = Info.plist; sourceTree = "<group>"; };
		6748539C2178BAAA00838000 /* Lesson 5 - Version 2UITests.xctest */ = {isa = PBXFileReference; explicitFileType = wrapper.cfbundle; includeInIndex = 0; path = "Lesson 5 - Version 2UITests.xctest"; sourceTree = BUILT_PRODUCTS_DIR; };
		674853A02178BAAA00838000 /* Lesson_5___Version_2UITests.swift */ = {isa = PBXFileReference; lastKnownFileType = sourcecode.swift; path = "Lesson_5___Version_2UITests.swift"; sourceTree = "<group>"; };
		674853A22178BAAA00838000 /* Info.plist */ = {isa = PBXFileReference; lastKnownFileType = text.plist.xml; path = Info.plist; sourceTree = "<group>"; };
		675BF89A217E1E17004243A7 /* CategoriesViewController.swift */ = {isa = PBXFileReference; lastKnownFileType = sourcecode.swift; path = CategoriesViewController.swift; sourceTree = "<group>"; };
		675BF89B217E1E17004243A7 /* CategoriesViewController.xib */ = {isa = PBXFileReference; lastKnownFileType = file.xib; path = CategoriesViewController.xib; sourceTree = "<group>"; };
		675BF89E217E30BE004243A7 /* CategoryCollectionViewCell.swift */ = {isa = PBXFileReference; lastKnownFileType = sourcecode.swift; path = CategoryCollectionViewCell.swift; sourceTree = "<group>"; };
		675BF89F217E30BE004243A7 /* CategoryCollectionViewCell.xib */ = {isa = PBXFileReference; lastKnownFileType = file.xib; path = CategoryCollectionViewCell.xib; sourceTree = "<group>"; };
		675BF8A2217E3282004243A7 /* CategoryHeaderCollectionViewCell.swift */ = {isa = PBXFileReference; lastKnownFileType = sourcecode.swift; path = CategoryHeaderCollectionViewCell.swift; sourceTree = "<group>"; };
		675BF8A3217E3282004243A7 /* CategoryHeaderCollectionViewCell.xib */ = {isa = PBXFileReference; lastKnownFileType = file.xib; path = CategoryHeaderCollectionViewCell.xib; sourceTree = "<group>"; };
		677F77F22178F379001FA575 /* SignUpViewController.swift */ = {isa = PBXFileReference; lastKnownFileType = sourcecode.swift; path = SignUpViewController.swift; sourceTree = "<group>"; };
		67D6B4C1217CC8E10043FFAA /* Country.swift */ = {isa = PBXFileReference; lastKnownFileType = sourcecode.swift; path = Country.swift; sourceTree = "<group>"; };
		94C1CB08AB37C4027F49F6B9 /* Pods_Lesson_5___Version_2Tests.framework */ = {isa = PBXFileReference; explicitFileType = wrapper.framework; includeInIndex = 0; path = "Pods_Lesson_5___Version_2Tests.framework"; sourceTree = BUILT_PRODUCTS_DIR; };
		94C27A8430553FADFC25CD37 /* Pods-Lesson 5 - Version 2Tests.debug.xcconfig */ = {isa = PBXFileReference; includeInIndex = 1; lastKnownFileType = text.xcconfig; name = "Pods-Lesson 5 - Version 2Tests.debug.xcconfig"; path = "Pods/Target Support Files/Pods-Lesson 5 - Version 2Tests/Pods-Lesson 5 - Version 2Tests.debug.xcconfig"; sourceTree = "<group>"; };
		A2C03079666BF290CFEAE164 /* Pods-Lesson 5 - Version 2UITests.debug.xcconfig */ = {isa = PBXFileReference; includeInIndex = 1; lastKnownFileType = text.xcconfig; name = "Pods-Lesson 5 - Version 2UITests.debug.xcconfig"; path = "Pods/Target Support Files/Pods-Lesson 5 - Version 2UITests/Pods-Lesson 5 - Version 2UITests.debug.xcconfig"; sourceTree = "<group>"; };
		C78A85AD69C3E4D50B009495 /* Pods-Lesson 5 - Version 2UITests.release.xcconfig */ = {isa = PBXFileReference; includeInIndex = 1; lastKnownFileType = text.xcconfig; name = "Pods-Lesson 5 - Version 2UITests.release.xcconfig"; path = "Pods/Target Support Files/Pods-Lesson 5 - Version 2UITests/Pods-Lesson 5 - Version 2UITests.release.xcconfig"; sourceTree = "<group>"; };
		F70C5B9B03528E5BC7FFDAD9 /* Pods_Lesson_5___Version_2.framework */ = {isa = PBXFileReference; explicitFileType = wrapper.framework; includeInIndex = 0; path = "Pods_Lesson_5___Version_2.framework"; sourceTree = BUILT_PRODUCTS_DIR; };
		F87E43EDE8CB0C3CD3A665EB /* Pods-Lesson 5 - Version 2.debug.xcconfig */ = {isa = PBXFileReference; includeInIndex = 1; lastKnownFileType = text.xcconfig; name = "Pods-Lesson 5 - Version 2.debug.xcconfig"; path = "Pods/Target Support Files/Pods-Lesson 5 - Version 2/Pods-Lesson 5 - Version 2.debug.xcconfig"; sourceTree = "<group>"; };
/* End PBXFileReference section */

/* Begin PBXFrameworksBuildPhase section */
		6748537A2178BAA900838000 /* Frameworks */ = {
			isa = PBXFrameworksBuildPhase;
			buildActionMask = 2147483647;
			files = (
				C8537989EF19B2C5CA3CBF20 /* Pods_Lesson_5___Version_2.framework in Frameworks */,
			);
			runOnlyForDeploymentPostprocessing = 0;
		};
		6748538E2178BAAA00838000 /* Frameworks */ = {
			isa = PBXFrameworksBuildPhase;
			buildActionMask = 2147483647;
			files = (
				9B013C20AD32EB94F40994DF /* Pods_Lesson_5___Version_2Tests.framework in Frameworks */,
			);
			runOnlyForDeploymentPostprocessing = 0;
		};
		674853992178BAAA00838000 /* Frameworks */ = {
			isa = PBXFrameworksBuildPhase;
			buildActionMask = 2147483647;
			files = (
				C66B0A361C647E9903E65D6F /* Pods_Lesson_5___Version_2UITests.framework in Frameworks */,
			);
			runOnlyForDeploymentPostprocessing = 0;
		};
/* End PBXFrameworksBuildPhase section */

/* Begin PBXGroup section */
		674853742178BAA900838000 = {
			isa = PBXGroup;
			children = (
				6748537F2178BAA900838000 /* Lesson 5 - Version 2 */,
				674853942178BAAA00838000 /* Lesson 5 - Version 2Tests */,
				6748539F2178BAAA00838000 /* Lesson 5 - Version 2UITests */,
				6748537E2178BAA900838000 /* Products */,
				B0EEE9587CCC769E60ED06BB /* Pods */,
				E67FD8FA805B394A1B39314B /* Frameworks */,
			);
			sourceTree = "<group>";
		};
		6748537E2178BAA900838000 /* Products */ = {
			isa = PBXGroup;
			children = (
				6748537D2178BAA900838000 /* Lesson 5 - Version 2.app */,
				674853912178BAAA00838000 /* Lesson 5 - Version 2Tests.xctest */,
				6748539C2178BAAA00838000 /* Lesson 5 - Version 2UITests.xctest */,
			);
			name = Products;
			sourceTree = "<group>";
		};
		6748537F2178BAA900838000 /* Lesson 5 - Version 2 */ = {
			isa = PBXGroup;
			children = (
				674853802178BAA900838000 /* AppDelegate.swift */,
				674853822178BAA900838000 /* LoginController.swift */,
				674853842178BAA900838000 /* Main.storyboard */,
				674853872178BAAA00838000 /* Assets.xcassets */,
				674853892178BAAA00838000 /* LaunchScreen.storyboard */,
				6748538C2178BAAA00838000 /* Info.plist */,
				677F77F22178F379001FA575 /* SignUpViewController.swift */,
				67247599217A19900074CDF7 /* CountryViewController.swift */,
				6724759B217A23C20074CDF7 /* CountryTableViewCell.swift */,
				6724759C217A23C20074CDF7 /* CountryTableViewCell.xib */,
				67D6B4C1217CC8E10043FFAA /* Country.swift */,
				675BF89A217E1E17004243A7 /* CategoriesViewController.swift */,
				675BF89B217E1E17004243A7 /* CategoriesViewController.xib */,
				675BF89E217E30BE004243A7 /* CategoryCollectionViewCell.swift */,
				675BF89F217E30BE004243A7 /* CategoryCollectionViewCell.xib */,
				675BF8A2217E3282004243A7 /* CategoryHeaderCollectionViewCell.swift */,
				675BF8A3217E3282004243A7 /* CategoryHeaderCollectionViewCell.xib */,
			);
			path = "Lesson 5 - Version 2";
			sourceTree = "<group>";
		};
		674853942178BAAA00838000 /* Lesson 5 - Version 2Tests */ = {
			isa = PBXGroup;
			children = (
				674853952178BAAA00838000 /* Lesson_5___Version_2Tests.swift */,
				674853972178BAAA00838000 /* Info.plist */,
			);
			path = "Lesson 5 - Version 2Tests";
			sourceTree = "<group>";
		};
		6748539F2178BAAA00838000 /* Lesson 5 - Version 2UITests */ = {
			isa = PBXGroup;
			children = (
				674853A02178BAAA00838000 /* Lesson_5___Version_2UITests.swift */,
				674853A22178BAAA00838000 /* Info.plist */,
			);
			path = "Lesson 5 - Version 2UITests";
			sourceTree = "<group>";
		};
		B0EEE9587CCC769E60ED06BB /* Pods */ = {
			isa = PBXGroup;
			children = (
				F87E43EDE8CB0C3CD3A665EB /* Pods-Lesson 5 - Version 2.debug.xcconfig */,
				18BA6B676DB7D29A824C3AA6 /* Pods-Lesson 5 - Version 2.release.xcconfig */,
				94C27A8430553FADFC25CD37 /* Pods-Lesson 5 - Version 2Tests.debug.xcconfig */,
				58E34AF9A62BD42AFC55347A /* Pods-Lesson 5 - Version 2Tests.release.xcconfig */,
				A2C03079666BF290CFEAE164 /* Pods-Lesson 5 - Version 2UITests.debug.xcconfig */,
				C78A85AD69C3E4D50B009495 /* Pods-Lesson 5 - Version 2UITests.release.xcconfig */,
			);
			name = Pods;
			sourceTree = "<group>";
		};
		E67FD8FA805B394A1B39314B /* Frameworks */ = {
			isa = PBXGroup;
			children = (
				F70C5B9B03528E5BC7FFDAD9 /* Pods_Lesson_5___Version_2.framework */,
				94C1CB08AB37C4027F49F6B9 /* Pods_Lesson_5___Version_2Tests.framework */,
				268C74540A8E7825A9B24D74 /* Pods_Lesson_5___Version_2UITests.framework */,
			);
			name = Frameworks;
			sourceTree = "<group>";
		};
/* End PBXGroup section */

/* Begin PBXNativeTarget section */
		6748537C2178BAA900838000 /* Lesson 5 - Version 2 */ = {
			isa = PBXNativeTarget;
			buildConfigurationList = 674853A52178BAAA00838000 /* Build configuration list for PBXNativeTarget "Lesson 5 - Version 2" */;
			buildPhases = (
				4ED89177A278527A8A793D57 /* [CP] Check Pods Manifest.lock */,
				674853792178BAA900838000 /* Sources */,
				6748537A2178BAA900838000 /* Frameworks */,
				6748537B2178BAA900838000 /* Resources */,
				548CF8FD1EE874C5C2D5ED88 /* [CP] Embed Pods Frameworks */,
			);
			buildRules = (
			);
			dependencies = (
			);
			name = "Lesson 5 - Version 2";
			productName = "Lesson 5 - Version 2";
			productReference = 6748537D2178BAA900838000 /* Lesson 5 - Version 2.app */;
			productType = "com.apple.product-type.application";
		};
		674853902178BAAA00838000 /* Lesson 5 - Version 2Tests */ = {
			isa = PBXNativeTarget;
			buildConfigurationList = 674853A82178BAAA00838000 /* Build configuration list for PBXNativeTarget "Lesson 5 - Version 2Tests" */;
			buildPhases = (
				0AD12D62AA229B5F17B0F5C9 /* [CP] Check Pods Manifest.lock */,
				6748538D2178BAAA00838000 /* Sources */,
				6748538E2178BAAA00838000 /* Frameworks */,
				6748538F2178BAAA00838000 /* Resources */,
			);
			buildRules = (
			);
			dependencies = (
				674853932178BAAA00838000 /* PBXTargetDependency */,
			);
			name = "Lesson 5 - Version 2Tests";
			productName = "Lesson 5 - Version 2Tests";
			productReference = 674853912178BAAA00838000 /* Lesson 5 - Version 2Tests.xctest */;
			productType = "com.apple.product-type.bundle.unit-test";
		};
		6748539B2178BAAA00838000 /* Lesson 5 - Version 2UITests */ = {
			isa = PBXNativeTarget;
			buildConfigurationList = 674853AB2178BAAA00838000 /* Build configuration list for PBXNativeTarget "Lesson 5 - Version 2UITests" */;
			buildPhases = (
				7BE71348CB1785A293579191 /* [CP] Check Pods Manifest.lock */,
				674853982178BAAA00838000 /* Sources */,
				674853992178BAAA00838000 /* Frameworks */,
				6748539A2178BAAA00838000 /* Resources */,
			);
			buildRules = (
			);
			dependencies = (
				6748539E2178BAAA00838000 /* PBXTargetDependency */,
			);
			name = "Lesson 5 - Version 2UITests";
			productName = "Lesson 5 - Version 2UITests";
			productReference = 6748539C2178BAAA00838000 /* Lesson 5 - Version 2UITests.xctest */;
			productType = "com.apple.product-type.bundle.ui-testing";
		};
/* End PBXNativeTarget section */

/* Begin PBXProject section */
		674853752178BAA900838000 /* Project object */ = {
			isa = PBXProject;
			attributes = {
				LastSwiftUpdateCheck = 1000;
				LastUpgradeCheck = 1000;
				ORGANIZATIONNAME = BinhPQ;
				TargetAttributes = {
					6748537C2178BAA900838000 = {
						CreatedOnToolsVersion = 10.0;
					};
					674853902178BAAA00838000 = {
						CreatedOnToolsVersion = 10.0;
						TestTargetID = 6748537C2178BAA900838000;
					};
					6748539B2178BAAA00838000 = {
						CreatedOnToolsVersion = 10.0;
						TestTargetID = 6748537C2178BAA900838000;
					};
				};
			};
			buildConfigurationList = 674853782178BAA900838000 /* Build configuration list for PBXProject "Lesson 5 - Version 2" */;
			compatibilityVersion = "Xcode 9.3";
			developmentRegion = en;
			hasScannedForEncodings = 0;
			knownRegions = (
				en,
				Base,
			);
			mainGroup = 674853742178BAA900838000;
			productRefGroup = 6748537E2178BAA900838000 /* Products */;
			projectDirPath = "";
			projectRoot = "";
			targets = (
				6748537C2178BAA900838000 /* Lesson 5 - Version 2 */,
				674853902178BAAA00838000 /* Lesson 5 - Version 2Tests */,
				6748539B2178BAAA00838000 /* Lesson 5 - Version 2UITests */,
			);
		};
/* End PBXProject section */

/* Begin PBXResourcesBuildPhase section */
		6748537B2178BAA900838000 /* Resources */ = {
			isa = PBXResourcesBuildPhase;
			buildActionMask = 2147483647;
			files = (
				675BF8A1217E30BE004243A7 /* CategoryCollectionViewCell.xib in Resources */,
				675BF8A5217E3282004243A7 /* CategoryHeaderCollectionViewCell.xib in Resources */,
				6724759E217A23C20074CDF7 /* CountryTableViewCell.xib in Resources */,
				6748538B2178BAAA00838000 /* LaunchScreen.storyboard in Resources */,
				675BF89D217E1E17004243A7 /* CategoriesViewController.xib in Resources */,
				674853882178BAAA00838000 /* Assets.xcassets in Resources */,
				674853862178BAA900838000 /* Main.storyboard in Resources */,
			);
			runOnlyForDeploymentPostprocessing = 0;
		};
		6748538F2178BAAA00838000 /* Resources */ = {
			isa = PBXResourcesBuildPhase;
			buildActionMask = 2147483647;
			files = (
			);
			runOnlyForDeploymentPostprocessing = 0;
		};
		6748539A2178BAAA00838000 /* Resources */ = {
			isa = PBXResourcesBuildPhase;
			buildActionMask = 2147483647;
			files = (
			);
			runOnlyForDeploymentPostprocessing = 0;
		};
/* End PBXResourcesBuildPhase section */

/* Begin PBXShellScriptBuildPhase section */
		0AD12D62AA229B5F17B0F5C9 /* [CP] Check Pods Manifest.lock */ = {
			isa = PBXShellScriptBuildPhase;
			buildActionMask = 2147483647;
			files = (
			);
			inputFileListPaths = (
			);
			inputPaths = (
				"${PODS_PODFILE_DIR_PATH}/Podfile.lock",
				"${PODS_ROOT}/Manifest.lock",
			);
			name = "[CP] Check Pods Manifest.lock";
			outputFileListPaths = (
			);
			outputPaths = (
				"$(DERIVED_FILE_DIR)/Pods-Lesson 5 - Version 2Tests-checkManifestLockResult.txt",
			);
			runOnlyForDeploymentPostprocessing = 0;
			shellPath = /bin/sh;
			shellScript = "diff \"${PODS_PODFILE_DIR_PATH}/Podfile.lock\" \"${PODS_ROOT}/Manifest.lock\" > /dev/null\nif [ $? != 0 ] ; then\n    # print error to STDERR\n    echo \"error: The sandbox is not in sync with the Podfile.lock. Run 'pod install' or update your CocoaPods installation.\" >&2\n    exit 1\nfi\n# This output is used by Xcode 'outputs' to avoid re-running this script phase.\necho \"SUCCESS\" > \"${SCRIPT_OUTPUT_FILE_0}\"\n";
			showEnvVarsInLog = 0;
		};
		4ED89177A278527A8A793D57 /* [CP] Check Pods Manifest.lock */ = {
			isa = PBXShellScriptBuildPhase;
			buildActionMask = 2147483647;
			files = (
			);
			inputFileListPaths = (
			);
			inputPaths = (
				"${PODS_PODFILE_DIR_PATH}/Podfile.lock",
				"${PODS_ROOT}/Manifest.lock",
			);
			name = "[CP] Check Pods Manifest.lock";
			outputFileListPaths = (
			);
			outputPaths = (
				"$(DERIVED_FILE_DIR)/Pods-Lesson 5 - Version 2-checkManifestLockResult.txt",
			);
			runOnlyForDeploymentPostprocessing = 0;
			shellPath = /bin/sh;
			shellScript = "diff \"${PODS_PODFILE_DIR_PATH}/Podfile.lock\" \"${PODS_ROOT}/Manifest.lock\" > /dev/null\nif [ $? != 0 ] ; then\n    # print error to STDERR\n    echo \"error: The sandbox is not in sync with the Podfile.lock. Run 'pod install' or update your CocoaPods installation.\" >&2\n    exit 1\nfi\n# This output is used by Xcode 'outputs' to avoid re-running this script phase.\necho \"SUCCESS\" > \"${SCRIPT_OUTPUT_FILE_0}\"\n";
			showEnvVarsInLog = 0;
		};
		548CF8FD1EE874C5C2D5ED88 /* [CP] Embed Pods Frameworks */ = {
			isa = PBXShellScriptBuildPhase;
			buildActionMask = 2147483647;
			files = (
			);
			inputFileListPaths = (
			);
			inputPaths = (
				"${SRCROOT}/Pods/Target Support Files/Pods-Lesson 5 - Version 2/Pods-Lesson 5 - Version 2-frameworks.sh",
				"${BUILT_PRODUCTS_DIR}/Alamofire/Alamofire.framework",
				"${BUILT_PRODUCTS_DIR}/SwiftyJSON/SwiftyJSON.framework",
			);
			name = "[CP] Embed Pods Frameworks";
			outputFileListPaths = (
			);
			outputPaths = (
				"${TARGET_BUILD_DIR}/${FRAMEWORKS_FOLDER_PATH}/Alamofire.framework",
				"${TARGET_BUILD_DIR}/${FRAMEWORKS_FOLDER_PATH}/SwiftyJSON.framework",
			);
			runOnlyForDeploymentPostprocessing = 0;
			shellPath = /bin/sh;
			shellScript = "\"${SRCROOT}/Pods/Target Support Files/Pods-Lesson 5 - Version 2/Pods-Lesson 5 - Version 2-frameworks.sh\"\n";
			showEnvVarsInLog = 0;
		};
		7BE71348CB1785A293579191 /* [CP] Check Pods Manifest.lock */ = {
			isa = PBXShellScriptBuildPhase;
			buildActionMask = 2147483647;
			files = (
			);
			inputFileListPaths = (
			);
			inputPaths = (
				"${PODS_PODFILE_DIR_PATH}/Podfile.lock",
				"${PODS_ROOT}/Manifest.lock",
			);
			name = "[CP] Check Pods Manifest.lock";
			outputFileListPaths = (
			);
			outputPaths = (
				"$(DERIVED_FILE_DIR)/Pods-Lesson 5 - Version 2UITests-checkManifestLockResult.txt",
			);
			runOnlyForDeploymentPostprocessing = 0;
			shellPath = /bin/sh;
			shellScript = "diff \"${PODS_PODFILE_DIR_PATH}/Podfile.lock\" \"${PODS_ROOT}/Manifest.lock\" > /dev/null\nif [ $? != 0 ] ; then\n    # print error to STDERR\n    echo \"error: The sandbox is not in sync with the Podfile.lock. Run 'pod install' or update your CocoaPods installation.\" >&2\n    exit 1\nfi\n# This output is used by Xcode 'outputs' to avoid re-running this script phase.\necho \"SUCCESS\" > \"${SCRIPT_OUTPUT_FILE_0}\"\n";
			showEnvVarsInLog = 0;
		};
/* End PBXShellScriptBuildPhase section */

/* Begin PBXSourcesBuildPhase section */
		674853792178BAA900838000 /* Sources */ = {
			isa = PBXSourcesBuildPhase;
			buildActionMask = 2147483647;
			files = (
				675BF8A0217E30BE004243A7 /* CategoryCollectionViewCell.swift in Sources */,
				677F77F32178F379001FA575 /* SignUpViewController.swift in Sources */,
				6724759A217A19900074CDF7 /* CountryViewController.swift in Sources */,
				674853832178BAA900838000 /* LoginController.swift in Sources */,
				674853812178BAA900838000 /* AppDelegate.swift in Sources */,
				67D6B4C2217CC8E10043FFAA /* Country.swift in Sources */,
				675BF8A4217E3282004243A7 /* CategoryHeaderCollectionViewCell.swift in Sources */,
				675BF89C217E1E17004243A7 /* CategoriesViewController.swift in Sources */,
				6724759D217A23C20074CDF7 /* CountryTableViewCell.swift in Sources */,
			);
			runOnlyForDeploymentPostprocessing = 0;
		};
		6748538D2178BAAA00838000 /* Sources */ = {
			isa = PBXSourcesBuildPhase;
			buildActionMask = 2147483647;
			files = (
				674853962178BAAA00838000 /* Lesson_5___Version_2Tests.swift in Sources */,
			);
			runOnlyForDeploymentPostprocessing = 0;
		};
		674853982178BAAA00838000 /* Sources */ = {
			isa = PBXSourcesBuildPhase;
			buildActionMask = 2147483647;
			files = (
				674853A12178BAAA00838000 /* Lesson_5___Version_2UITests.swift in Sources */,
			);
			runOnlyForDeploymentPostprocessing = 0;
		};
/* End PBXSourcesBuildPhase section */

/* Begin PBXTargetDependency section */
		674853932178BAAA00838000 /* PBXTargetDependency */ = {
			isa = PBXTargetDependency;
			target = 6748537C2178BAA900838000 /* Lesson 5 - Version 2 */;
			targetProxy = 674853922178BAAA00838000 /* PBXContainerItemProxy */;
		};
		6748539E2178BAAA00838000 /* PBXTargetDependency */ = {
			isa = PBXTargetDependency;
			target = 6748537C2178BAA900838000 /* Lesson 5 - Version 2 */;
			targetProxy = 6748539D2178BAAA00838000 /* PBXContainerItemProxy */;
		};
/* End PBXTargetDependency section */

/* Begin PBXVariantGroup section */
		674853842178BAA900838000 /* Main.storyboard */ = {
			isa = PBXVariantGroup;
			children = (
				674853852178BAA900838000 /* Base */,
			);
			name = Main.storyboard;
			sourceTree = "<group>";
		};
		674853892178BAAA00838000 /* LaunchScreen.storyboard */ = {
			isa = PBXVariantGroup;
			children = (
				6748538A2178BAAA00838000 /* Base */,
			);
			name = LaunchScreen.storyboard;
			sourceTree = "<group>";
		};
/* End PBXVariantGroup section */

/* Begin XCBuildConfiguration section */
		674853A32178BAAA00838000 /* Debug */ = {
			isa = XCBuildConfiguration;
			buildSettings = {
				ALWAYS_SEARCH_USER_PATHS = NO;
				CLANG_ANALYZER_NONNULL = YES;
				CLANG_ANALYZER_NUMBER_OBJECT_CONVERSION = YES_AGGRESSIVE;
				CLANG_CXX_LANGUAGE_STANDARD = "gnu++14";
				CLANG_CXX_LIBRARY = "libc++";
				CLANG_ENABLE_MODULES = YES;
				CLANG_ENABLE_OBJC_ARC = YES;
				CLANG_ENABLE_OBJC_WEAK = YES;
				CLANG_WARN_BLOCK_CAPTURE_AUTORELEASING = YES;
				CLANG_WARN_BOOL_CONVERSION = YES;
				CLANG_WARN_COMMA = YES;
				CLANG_WARN_CONSTANT_CONVERSION = YES;
				CLANG_WARN_DEPRECATED_OBJC_IMPLEMENTATIONS = YES;
				CLANG_WARN_DIRECT_OBJC_ISA_USAGE = YES_ERROR;
				CLANG_WARN_DOCUMENTATION_COMMENTS = YES;
				CLANG_WARN_EMPTY_BODY = YES;
				CLANG_WARN_ENUM_CONVERSION = YES;
				CLANG_WARN_INFINITE_RECURSION = YES;
				CLANG_WARN_INT_CONVERSION = YES;
				CLANG_WARN_NON_LITERAL_NULL_CONVERSION = YES;
				CLANG_WARN_OBJC_IMPLICIT_RETAIN_SELF = YES;
				CLANG_WARN_OBJC_LITERAL_CONVERSION = YES;
				CLANG_WARN_OBJC_ROOT_CLASS = YES_ERROR;
				CLANG_WARN_RANGE_LOOP_ANALYSIS = YES;
				CLANG_WARN_STRICT_PROTOTYPES = YES;
				CLANG_WARN_SUSPICIOUS_MOVE = YES;
				CLANG_WARN_UNGUARDED_AVAILABILITY = YES_AGGRESSIVE;
				CLANG_WARN_UNREACHABLE_CODE = YES;
				CLANG_WARN__DUPLICATE_METHOD_MATCH = YES;
				CODE_SIGN_IDENTITY = "iPhone Developer";
				COPY_PHASE_STRIP = NO;
				DEBUG_INFORMATION_FORMAT = dwarf;
				ENABLE_STRICT_OBJC_MSGSEND = YES;
				ENABLE_TESTABILITY = YES;
				GCC_C_LANGUAGE_STANDARD = gnu11;
				GCC_DYNAMIC_NO_PIC = NO;
				GCC_NO_COMMON_BLOCKS = YES;
				GCC_OPTIMIZATION_LEVEL = 0;
				GCC_PREPROCESSOR_DEFINITIONS = (
					"DEBUG=1",
					"$(inherited)",
				);
				GCC_WARN_64_TO_32_BIT_CONVERSION = YES;
				GCC_WARN_ABOUT_RETURN_TYPE = YES_ERROR;
				GCC_WARN_UNDECLARED_SELECTOR = YES;
				GCC_WARN_UNINITIALIZED_AUTOS = YES_AGGRESSIVE;
				GCC_WARN_UNUSED_FUNCTION = YES;
				GCC_WARN_UNUSED_VARIABLE = YES;
				IPHONEOS_DEPLOYMENT_TARGET = 12.0;
				MTL_ENABLE_DEBUG_INFO = INCLUDE_SOURCE;
				MTL_FAST_MATH = YES;
				ONLY_ACTIVE_ARCH = YES;
				SDKROOT = iphoneos;
				SWIFT_ACTIVE_COMPILATION_CONDITIONS = DEBUG;
				SWIFT_OPTIMIZATION_LEVEL = "-Onone";
			};
			name = Debug;
		};
		674853A42178BAAA00838000 /* Release */ = {
			isa = XCBuildConfiguration;
			buildSettings = {
				ALWAYS_SEARCH_USER_PATHS = NO;
				CLANG_ANALYZER_NONNULL = YES;
				CLANG_ANALYZER_NUMBER_OBJECT_CONVERSION = YES_AGGRESSIVE;
				CLANG_CXX_LANGUAGE_STANDARD = "gnu++14";
				CLANG_CXX_LIBRARY = "libc++";
				CLANG_ENABLE_MODULES = YES;
				CLANG_ENABLE_OBJC_ARC = YES;
				CLANG_ENABLE_OBJC_WEAK = YES;
				CLANG_WARN_BLOCK_CAPTURE_AUTORELEASING = YES;
				CLANG_WARN_BOOL_CONVERSION = YES;
				CLANG_WARN_COMMA = YES;
				CLANG_WARN_CONSTANT_CONVERSION = YES;
				CLANG_WARN_DEPRECATED_OBJC_IMPLEMENTATIONS = YES;
				CLANG_WARN_DIRECT_OBJC_ISA_USAGE = YES_ERROR;
				CLANG_WARN_DOCUMENTATION_COMMENTS = YES;
				CLANG_WARN_EMPTY_BODY = YES;
				CLANG_WARN_ENUM_CONVERSION = YES;
				CLANG_WARN_INFINITE_RECURSION = YES;
				CLANG_WARN_INT_CONVERSION = YES;
				CLANG_WARN_NON_LITERAL_NULL_CONVERSION = YES;
				CLANG_WARN_OBJC_IMPLICIT_RETAIN_SELF = YES;
				CLANG_WARN_OBJC_LITERAL_CONVERSION = YES;
				CLANG_WARN_OBJC_ROOT_CLASS = YES_ERROR;
				CLANG_WARN_RANGE_LOOP_ANALYSIS = YES;
				CLANG_WARN_STRICT_PROTOTYPES = YES;
				CLANG_WARN_SUSPICIOUS_MOVE = YES;
				CLANG_WARN_UNGUARDED_AVAILABILITY = YES_AGGRESSIVE;
				CLANG_WARN_UNREACHABLE_CODE = YES;
				CLANG_WARN__DUPLICATE_METHOD_MATCH = YES;
				CODE_SIGN_IDENTITY = "iPhone Developer";
				COPY_PHASE_STRIP = NO;
				DEBUG_INFORMATION_FORMAT = "dwarf-with-dsym";
				ENABLE_NS_ASSERTIONS = NO;
				ENABLE_STRICT_OBJC_MSGSEND = YES;
				GCC_C_LANGUAGE_STANDARD = gnu11;
				GCC_NO_COMMON_BLOCKS = YES;
				GCC_WARN_64_TO_32_BIT_CONVERSION = YES;
				GCC_WARN_ABOUT_RETURN_TYPE = YES_ERROR;
				GCC_WARN_UNDECLARED_SELECTOR = YES;
				GCC_WARN_UNINITIALIZED_AUTOS = YES_AGGRESSIVE;
				GCC_WARN_UNUSED_FUNCTION = YES;
				GCC_WARN_UNUSED_VARIABLE = YES;
				IPHONEOS_DEPLOYMENT_TARGET = 12.0;
				MTL_ENABLE_DEBUG_INFO = NO;
				MTL_FAST_MATH = YES;
				SDKROOT = iphoneos;
				SWIFT_COMPILATION_MODE = wholemodule;
				SWIFT_OPTIMIZATION_LEVEL = "-O";
				VALIDATE_PRODUCT = YES;
			};
			name = Release;
		};
		674853A62178BAAA00838000 /* Debug */ = {
			isa = XCBuildConfiguration;
			baseConfigurationReference = F87E43EDE8CB0C3CD3A665EB /* Pods-Lesson 5 - Version 2.debug.xcconfig */;
			buildSettings = {
				ASSETCATALOG_COMPILER_APPICON_NAME = AppIcon;
				CODE_SIGN_STYLE = Automatic;
				INFOPLIST_FILE = "Lesson 5 - Version 2/Info.plist";
				LD_RUNPATH_SEARCH_PATHS = (
					"$(inherited)",
					"@executable_path/Frameworks",
				);
				PRODUCT_BUNDLE_IDENTIFIER = "quangbinh.Lesson-5---Version-2";
				PRODUCT_NAME = "$(TARGET_NAME)";
				SWIFT_VERSION = 4.2;
				TARGETED_DEVICE_FAMILY = "1,2";
			};
			name = Debug;
		};
		674853A72178BAAA00838000 /* Release */ = {
			isa = XCBuildConfiguration;
			baseConfigurationReference = 18BA6B676DB7D29A824C3AA6 /* Pods-Lesson 5 - Version 2.release.xcconfig */;
			buildSettings = {
				ASSETCATALOG_COMPILER_APPICON_NAME = AppIcon;
				CODE_SIGN_STYLE = Automatic;
				INFOPLIST_FILE = "Lesson 5 - Version 2/Info.plist";
				LD_RUNPATH_SEARCH_PATHS = (
					"$(inherited)",
					"@executable_path/Frameworks",
				);
				PRODUCT_BUNDLE_IDENTIFIER = "quangbinh.Lesson-5---Version-2";
				PRODUCT_NAME = "$(TARGET_NAME)";
				SWIFT_VERSION = 4.2;
				TARGETED_DEVICE_FAMILY = "1,2";
			};
			name = Release;
		};
		674853A92178BAAA00838000 /* Debug */ = {
			isa = XCBuildConfiguration;
			baseConfigurationReference = 94C27A8430553FADFC25CD37 /* Pods-Lesson 5 - Version 2Tests.debug.xcconfig */;
			buildSettings = {
				ALWAYS_EMBED_SWIFT_STANDARD_LIBRARIES = YES;
				BUNDLE_LOADER = "$(TEST_HOST)";
				CODE_SIGN_STYLE = Automatic;
				INFOPLIST_FILE = "Lesson 5 - Version 2Tests/Info.plist";
				LD_RUNPATH_SEARCH_PATHS = (
					"$(inherited)",
					"@executable_path/Frameworks",
					"@loader_path/Frameworks",
				);
				PRODUCT_BUNDLE_IDENTIFIER = "quangbinh.Lesson-5---Version-2Tests";
				PRODUCT_NAME = "$(TARGET_NAME)";
				SWIFT_VERSION = 4.2;
				TARGETED_DEVICE_FAMILY = "1,2";
				TEST_HOST = "$(BUILT_PRODUCTS_DIR)/Lesson 5 - Version 2.app/Lesson 5 - Version 2";
			};
			name = Debug;
		};
		674853AA2178BAAA00838000 /* Release */ = {
			isa = XCBuildConfiguration;
			baseConfigurationReference = 58E34AF9A62BD42AFC55347A /* Pods-Lesson 5 - Version 2Tests.release.xcconfig */;
			buildSettings = {
				ALWAYS_EMBED_SWIFT_STANDARD_LIBRARIES = YES;
				BUNDLE_LOADER = "$(TEST_HOST)";
				CODE_SIGN_STYLE = Automatic;
				INFOPLIST_FILE = "Lesson 5 - Version 2Tests/Info.plist";
				LD_RUNPATH_SEARCH_PATHS = (
					"$(inherited)",
					"@executable_path/Frameworks",
					"@loader_path/Frameworks",
				);
				PRODUCT_BUNDLE_IDENTIFIER = "quangbinh.Lesson-5---Version-2Tests";
				PRODUCT_NAME = "$(TARGET_NAME)";
				SWIFT_VERSION = 4.2;
				TARGETED_DEVICE_FAMILY = "1,2";
				TEST_HOST = "$(BUILT_PRODUCTS_DIR)/Lesson 5 - Version 2.app/Lesson 5 - Version 2";
			};
			name = Release;
		};
		674853AC2178BAAA00838000 /* Debug */ = {
			isa = XCBuildConfiguration;
			baseConfigurationReference = A2C03079666BF290CFEAE164 /* Pods-Lesson 5 - Version 2UITests.debug.xcconfig */;
			buildSettings = {
				ALWAYS_EMBED_SWIFT_STANDARD_LIBRARIES = YES;
				CODE_SIGN_STYLE = Automatic;
				INFOPLIST_FILE = "Lesson 5 - Version 2UITests/Info.plist";
				LD_RUNPATH_SEARCH_PATHS = (
					"$(inherited)",
					"@executable_path/Frameworks",
					"@loader_path/Frameworks",
				);
				PRODUCT_BUNDLE_IDENTIFIER = "quangbinh.Lesson-5---Version-2UITests";
				PRODUCT_NAME = "$(TARGET_NAME)";
				SWIFT_VERSION = 4.2;
				TARGETED_DEVICE_FAMILY = "1,2";
				TEST_TARGET_NAME = "Lesson 5 - Version 2";
			};
			name = Debug;
		};
		674853AD2178BAAA00838000 /* Release */ = {
			isa = XCBuildConfiguration;
			baseConfigurationReference = C78A85AD69C3E4D50B009495 /* Pods-Lesson 5 - Version 2UITests.release.xcconfig */;
			buildSettings = {
				ALWAYS_EMBED_SWIFT_STANDARD_LIBRARIES = YES;
				CODE_SIGN_STYLE = Automatic;
				INFOPLIST_FILE = "Lesson 5 - Version 2UITests/Info.plist";
				LD_RUNPATH_SEARCH_PATHS = (
					"$(inherited)",
					"@executable_path/Frameworks",
					"@loader_path/Frameworks",
				);
				PRODUCT_BUNDLE_IDENTIFIER = "quangbinh.Lesson-5---Version-2UITests";
				PRODUCT_NAME = "$(TARGET_NAME)";
				SWIFT_VERSION = 4.2;
				TARGETED_DEVICE_FAMILY = "1,2";
				TEST_TARGET_NAME = "Lesson 5 - Version 2";
			};
			name = Release;
		};
/* End XCBuildConfiguration section */

/* Begin XCConfigurationList section */
		674853782178BAA900838000 /* Build configuration list for PBXProject "Lesson 5 - Version 2" */ = {
			isa = XCConfigurationList;
			buildConfigurations = (
				674853A32178BAAA00838000 /* Debug */,
				674853A42178BAAA00838000 /* Release */,
			);
			defaultConfigurationIsVisible = 0;
			defaultConfigurationName = Release;
		};
		674853A52178BAAA00838000 /* Build configuration list for PBXNativeTarget "Lesson 5 - Version 2" */ = {
			isa = XCConfigurationList;
			buildConfigurations = (
				674853A62178BAAA00838000 /* Debug */,
				674853A72178BAAA00838000 /* Release */,
			);
			defaultConfigurationIsVisible = 0;
			defaultConfigurationName = Release;
		};
		674853A82178BAAA00838000 /* Build configuration list for PBXNativeTarget "Lesson 5 - Version 2Tests" */ = {
			isa = XCConfigurationList;
			buildConfigurations = (
				674853A92178BAAA00838000 /* Debug */,
				674853AA2178BAAA00838000 /* Release */,
			);
			defaultConfigurationIsVisible = 0;
			defaultConfigurationName = Release;
		};
		674853AB2178BAAA00838000 /* Build configuration list for PBXNativeTarget "Lesson 5 - Version 2UITests" */ = {
			isa = XCConfigurationList;
			buildConfigurations = (
				674853AC2178BAAA00838000 /* Debug */,
				674853AD2178BAAA00838000 /* Release */,
			);
			defaultConfigurationIsVisible = 0;
			defaultConfigurationName = Release;
		};
/* End XCConfigurationList section */
	};
	rootObject = 674853752178BAA900838000 /* Project object */;
}
